// !$*UTF8*$!
{
	archiveVersion = 1;
	classes = {
	};
	objectVersion = 46;
	objects = {

/* Begin PBXBuildFile section */
		825E06361EE110FB00B933D6 /* MCCoverFlow.m in Sources */ = {isa = PBXBuildFile; fileRef = 825E06351EE110FB00B933D6 /* MCCoverFlow.m */; };
		829B37641EDE51C700EEAEC0 /* MCCoverFlowLayout.m in Sources */ = {isa = PBXBuildFile; fileRef = 829B37631EDE51C700EEAEC0 /* MCCoverFlowLayout.m */; };
		82D3E9191EDD9349008BA5A6 /* main.m in Sources */ = {isa = PBXBuildFile; fileRef = 82D3E9181EDD9349008BA5A6 /* main.m */; };
		82D3E91C1EDD9349008BA5A6 /* AppDelegate.m in Sources */ = {isa = PBXBuildFile; fileRef = 82D3E91B1EDD9349008BA5A6 /* AppDelegate.m */; };
		82D3E91F1EDD9349008BA5A6 /* ViewController.m in Sources */ = {isa = PBXBuildFile; fileRef = 82D3E91E1EDD9349008BA5A6 /* ViewController.m */; };
		82D3E9221EDD9349008BA5A6 /* Main.storyboard in Resources */ = {isa = PBXBuildFile; fileRef = 82D3E9201EDD9349008BA5A6 /* Main.storyboard */; };
		82D3E9241EDD9349008BA5A6 /* Assets.xcassets in Resources */ = {isa = PBXBuildFile; fileRef = 82D3E9231EDD9349008BA5A6 /* Assets.xcassets */; };
		82D3E9271EDD9349008BA5A6 /* LaunchScreen.storyboard in Resources */ = {isa = PBXBuildFile; fileRef = 82D3E9251EDD9349008BA5A6 /* LaunchScreen.storyboard */; };
		82D3E9311EDD9429008BA5A6 /* MCCoverFlowView.m in Sources */ = {isa = PBXBuildFile; fileRef = 82D3E9301EDD9429008BA5A6 /* MCCoverFlowView.m */; };
		82D3E9341EDD98C8008BA5A6 /* MCCoverFlowCell.m in Sources */ = {isa = PBXBuildFile; fileRef = 82D3E9331EDD98C7008BA5A6 /* MCCoverFlowCell.m */; };
		82ED41F21EE4F40C0020D491 /* MCCoverFlowItem.m in Sources */ = {isa = PBXBuildFile; fileRef = 82ED41F11EE4F40C0020D491 /* MCCoverFlowItem.m */; };
/* End PBXBuildFile section */

/* Begin PBXFileReference section */
		825E06341EE110FB00B933D6 /* MCCoverFlow.h */ = {isa = PBXFileReference; fileEncoding = 4; lastKnownFileType = sourcecode.c.h; path = MCCoverFlow.h; sourceTree = "<group>"; };
		825E06351EE110FB00B933D6 /* MCCoverFlow.m */ = {isa = PBXFileReference; fileEncoding = 4; lastKnownFileType = sourcecode.c.objc; path = MCCoverFlow.m; sourceTree = "<group>"; };
		829B37621EDE51C700EEAEC0 /* MCCoverFlowLayout.h */ = {isa = PBXFileReference; fileEncoding = 4; lastKnownFileType = sourcecode.c.h; path = MCCoverFlowLayout.h; sourceTree = "<group>"; };
		829B37631EDE51C700EEAEC0 /* MCCoverFlowLayout.m */ = {isa = PBXFileReference; fileEncoding = 4; lastKnownFileType = sourcecode.c.objc; path = MCCoverFlowLayout.m; sourceTree = "<group>"; };
		82D3E9141EDD9348008BA5A6 /* CoverFlow.app */ = {isa = PBXFileReference; explicitFileType = wrapper.application; includeInIndex = 0; path = CoverFlow.app; sourceTree = BUILT_PRODUCTS_DIR; };
		82D3E9181EDD9349008BA5A6 /* main.m */ = {isa = PBXFileReference; lastKnownFileType = sourcecode.c.objc; path = main.m; sourceTree = "<group>"; };
		82D3E91A1EDD9349008BA5A6 /* AppDelegate.h */ = {isa = PBXFileReference; lastKnownFileType = sourcecode.c.h; path = AppDelegate.h; sourceTree = "<group>"; };
		82D3E91B1EDD9349008BA5A6 /* AppDelegate.m */ = {isa = PBXFileReference; lastKnownFileType = sourcecode.c.objc; path = AppDelegate.m; sourceTree = "<group>"; };
		82D3E91D1EDD9349008BA5A6 /* ViewController.h */ = {isa = PBXFileReference; lastKnownFileType = sourcecode.c.h; path = ViewController.h; sourceTree = "<group>"; };
		82D3E91E1EDD9349008BA5A6 /* ViewController.m */ = {isa = PBXFileReference; lastKnownFileType = sourcecode.c.objc; path = ViewController.m; sourceTree = "<group>"; };
		82D3E9211EDD9349008BA5A6 /* Base */ = {isa = PBXFileReference; lastKnownFileType = file.storyboard; name = Base; path = Base.lproj/Main.storyboard; sourceTree = "<group>"; };
		82D3E9231EDD9349008BA5A6 /* Assets.xcassets */ = {isa = PBXFileReference; lastKnownFileType = folder.assetcatalog; path = Assets.xcassets; sourceTree = "<group>"; };
		82D3E9261EDD9349008BA5A6 /* Base */ = {isa = PBXFileReference; lastKnownFileType = file.storyboard; name = Base; path = Base.lproj/LaunchScreen.storyboard; sourceTree = "<group>"; };
		82D3E9281EDD9349008BA5A6 /* Info.plist */ = {isa = PBXFileReference; lastKnownFileType = text.plist.xml; path = Info.plist; sourceTree = "<group>"; };
		82D3E92F1EDD9429008BA5A6 /* MCCoverFlowView.h */ = {isa = PBXFileReference; fileEncoding = 4; lastKnownFileType = sourcecode.c.h; path = MCCoverFlowView.h; sourceTree = "<group>"; };
		82D3E9301EDD9429008BA5A6 /* MCCoverFlowView.m */ = {isa = PBXFileReference; fileEncoding = 4; lastKnownFileType = sourcecode.c.objc; path = MCCoverFlowView.m; sourceTree = "<group>"; };
		82D3E9321EDD98C7008BA5A6 /* MCCoverFlowCell.h */ = {isa = PBXFileReference; fileEncoding = 4; lastKnownFileType = sourcecode.c.h; path = MCCoverFlowCell.h; sourceTree = "<group>"; };
		82D3E9331EDD98C7008BA5A6 /* MCCoverFlowCell.m */ = {isa = PBXFileReference; fileEncoding = 4; lastKnownFileType = sourcecode.c.objc; path = MCCoverFlowCell.m; sourceTree = "<group>"; };
		82ED41F01EE4F40C0020D491 /* MCCoverFlowItem.h */ = {isa = PBXFileReference; fileEncoding = 4; lastKnownFileType = sourcecode.c.h; path = MCCoverFlowItem.h; sourceTree = "<group>"; };
		82ED41F11EE4F40C0020D491 /* MCCoverFlowItem.m */ = {isa = PBXFileReference; fileEncoding = 4; lastKnownFileType = sourcecode.c.objc; path = MCCoverFlowItem.m; sourceTree = "<group>"; };
/* End PBXFileReference section */

/* Begin PBXFrameworksBuildPhase section */
		82D3E9111EDD9347008BA5A6 /* Frameworks */ = {
			isa = PBXFrameworksBuildPhase;
			buildActionMask = 2147483647;
			files = (
			);
			runOnlyForDeploymentPostprocessing = 0;
		};
/* End PBXFrameworksBuildPhase section */

/* Begin PBXGroup section */
		825E06331EE0FD8C00B933D6 /* CoverFlow-ScrollView */ = {
			isa = PBXGroup;
			children = (
				825E06341EE110FB00B933D6 /* MCCoverFlow.h */,
				825E06351EE110FB00B933D6 /* MCCoverFlow.m */,
				82ED41F01EE4F40C0020D491 /* MCCoverFlowItem.h */,
				82ED41F11EE4F40C0020D491 /* MCCoverFlowItem.m */,
			);
			path = "CoverFlow-ScrollView";
			sourceTree = "<group>";
		};
		82D3E90B1EDD9347008BA5A6 = {
			isa = PBXGroup;
			children = (
				82D3E9161EDD9348008BA5A6 /* CoverFlow */,
				82D3E9151EDD9348008BA5A6 /* Products */,
			);
			sourceTree = "<group>";
		};
		82D3E9151EDD9348008BA5A6 /* Products */ = {
			isa = PBXGroup;
			children = (
				82D3E9141EDD9348008BA5A6 /* CoverFlow.app */,
			);
			name = Products;
			sourceTree = "<group>";
		};
		82D3E9161EDD9348008BA5A6 /* CoverFlow */ = {
			isa = PBXGroup;
			children = (
				825E06331EE0FD8C00B933D6 /* CoverFlow-ScrollView */,
				82D3E92E1EDD940A008BA5A6 /* CoverFlow-Collection */,
				82D3E91A1EDD9349008BA5A6 /* AppDelegate.h */,
				82D3E91B1EDD9349008BA5A6 /* AppDelegate.m */,
				82D3E91D1EDD9349008BA5A6 /* ViewController.h */,
				82D3E91E1EDD9349008BA5A6 /* ViewController.m */,
				82D3E9201EDD9349008BA5A6 /* Main.storyboard */,
				82D3E9231EDD9349008BA5A6 /* Assets.xcassets */,
				82D3E9251EDD9349008BA5A6 /* LaunchScreen.storyboard */,
				82D3E9281EDD9349008BA5A6 /* Info.plist */,
				82D3E9171EDD9348008BA5A6 /* Supporting Files */,
			);
			path = CoverFlow;
			sourceTree = "<group>";
		};
		82D3E9171EDD9348008BA5A6 /* Supporting Files */ = {
			isa = PBXGroup;
			children = (
				82D3E9181EDD9349008BA5A6 /* main.m */,
			);
			name = "Supporting Files";
			sourceTree = "<group>";
		};
		82D3E92E1EDD940A008BA5A6 /* CoverFlow-Collection */ = {
			isa = PBXGroup;
			children = (
				82D3E92F1EDD9429008BA5A6 /* MCCoverFlowView.h */,
				82D3E9301EDD9429008BA5A6 /* MCCoverFlowView.m */,
				82D3E9321EDD98C7008BA5A6 /* MCCoverFlowCell.h */,
				82D3E9331EDD98C7008BA5A6 /* MCCoverFlowCell.m */,
				829B37621EDE51C700EEAEC0 /* MCCoverFlowLayout.h */,
				829B37631EDE51C700EEAEC0 /* MCCoverFlowLayout.m */,
			);
			path = "CoverFlow-Collection";
			sourceTree = "<group>";
		};
/* End PBXGroup section */

/* Begin PBXNativeTarget section */
		82D3E9131EDD9347008BA5A6 /* CoverFlow */ = {
			isa = PBXNativeTarget;
			buildConfigurationList = 82D3E92B1EDD9349008BA5A6 /* Build configuration list for PBXNativeTarget "CoverFlow" */;
			buildPhases = (
				82D3E9101EDD9347008BA5A6 /* Sources */,
				82D3E9111EDD9347008BA5A6 /* Frameworks */,
				82D3E9121EDD9347008BA5A6 /* Resources */,
			);
			buildRules = (
			);
			dependencies = (
			);
			name = CoverFlow;
			productName = CoverFlow;
			productReference = 82D3E9141EDD9348008BA5A6 /* CoverFlow.app */;
			productType = "com.apple.product-type.application";
		};
/* End PBXNativeTarget section */

/* Begin PBXProject section */
		82D3E90C1EDD9347008BA5A6 /* Project object */ = {
			isa = PBXProject;
			attributes = {
				LastUpgradeCheck = 0820;
				ORGANIZATIONNAME = Mingle;
				TargetAttributes = {
					82D3E9131EDD9347008BA5A6 = {
						CreatedOnToolsVersion = 8.2.1;
						DevelopmentTeam = USZ9R7RQAA;
						ProvisioningStyle = Automatic;
					};
				};
			};
			buildConfigurationList = 82D3E90F1EDD9347008BA5A6 /* Build configuration list for PBXProject "CoverFlow" */;
			compatibilityVersion = "Xcode 3.2";
			developmentRegion = English;
			hasScannedForEncodings = 0;
			knownRegions = (
				en,
				Base,
			);
			mainGroup = 82D3E90B1EDD9347008BA5A6;
			productRefGroup = 82D3E9151EDD9348008BA5A6 /* Products */;
			projectDirPath = "";
			projectRoot = "";
			targets = (
				82D3E9131EDD9347008BA5A6 /* CoverFlow */,
			);
		};
/* End PBXProject section */

/* Begin PBXResourcesBuildPhase section */
		82D3E9121EDD9347008BA5A6 /* Resources */ = {
			isa = PBXResourcesBuildPhase;
			buildActionMask = 2147483647;
			files = (
				82D3E9271EDD9349008BA5A6 /* LaunchScreen.storyboard in Resources */,
				82D3E9241EDD9349008BA5A6 /* Assets.xcassets in Resources */,
				82D3E9221EDD9349008BA5A6 /* Main.storyboard in Resources */,
			);
			runOnlyForDeploymentPostprocessing = 0;
		};
/* End PBXResourcesBuildPhase section */

/* Begin PBXSourcesBuildPhase section */
		82D3E9101EDD9347008BA5A6 /* Sources */ = {
			isa = PBXSourcesBuildPhase;
			buildActionMask = 2147483647;
			files = (
				82D3E9341EDD98C8008BA5A6 /* MCCoverFlowCell.m in Sources */,
				825E06361EE110FB00B933D6 /* MCCoverFlow.m in Sources */,
				82ED41F21EE4F40C0020D491 /* MCCoverFlowItem.m in Sources */,
				829B37641EDE51C700EEAEC0 /* MCCoverFlowLayout.m in Sources */,
				82D3E91F1EDD9349008BA5A6 /* ViewController.m in Sources */,
				82D3E91C1EDD9349008BA5A6 /* AppDelegate.m in Sources */,
				82D3E9311EDD9429008BA5A6 /* MCCoverFlowView.m in Sources */,
				82D3E9191EDD9349008BA5A6 /* main.m in Sources */,
			);
			runOnlyForDeploymentPostprocessing = 0;
		};
/* End PBXSourcesBuildPhase section */

/* Begin PBXVariantGroup section */
		82D3E9201EDD9349008BA5A6 /* Main.storyboard */ = {
			isa = PBXVariantGroup;
			children = (
				82D3E9211EDD9349008BA5A6 /* Base */,
			);
			name = Main.storyboard;
			sourceTree = "<group>";
		};
		82D3E9251EDD9349008BA5A6 /* LaunchScreen.storyboard */ = {
			isa = PBXVariantGroup;
			children = (
				82D3E9261EDD9349008BA5A6 /* Base */,
			);
			name = LaunchScreen.storyboard;
			sourceTree = "<group>";
		};
/* End PBXVariantGroup section */

/* Begin XCBuildConfiguration section */
		82D3E9291EDD9349008BA5A6 /* Debug */ = {
			isa = XCBuildConfiguration;
			buildSettings = {
				ALWAYS_SEARCH_USER_PATHS = NO;
				CLANG_ANALYZER_NONNULL = YES;
				CLANG_CXX_LANGUAGE_STANDARD = "gnu++0x";
				CLANG_CXX_LIBRARY = "libc++";
				CLANG_ENABLE_MODULES = YES;
				CLANG_ENABLE_OBJC_ARC = YES;
				CLANG_WARN_BOOL_CONVERSION = YES;
				CLANG_WARN_CONSTANT_CONVERSION = YES;
				CLANG_WARN_DIRECT_OBJC_ISA_USAGE = YES_ERROR;
				CLANG_WARN_DOCUMENTATION_COMMENTS = YES;
				CLANG_WARN_EMPTY_BODY = YES;
				CLANG_WARN_ENUM_CONVERSION = YES;
				CLANG_WARN_INFINITE_RECURSION = YES;
				CLANG_WARN_INT_CONVERSION = YES;
				CLANG_WARN_OBJC_ROOT_CLASS = YES_ERROR;
				CLANG_WARN_SUSPICIOUS_MOVE = YES;
				CLANG_WARN_UNREACHABLE_CODE = YES;
				CLANG_WARN__DUPLICATE_METHOD_MATCH = YES;
				"CODE_SIGN_IDENTITY[sdk=iphoneos*]" = "iPhone Developer";
				COPY_PHASE_STRIP = NO;
				DEBUG_INFORMATION_FORMAT = dwarf;
				ENABLE_STRICT_OBJC_MSGSEND = YES;
				ENABLE_TESTABILITY = YES;
				GCC_C_LANGUAGE_STANDARD = gnu99;
				GCC_DYNAMIC_NO_PIC = NO;
				GCC_NO_COMMON_BLOCKS = YES;
				GCC_OPTIMIZATION_LEVEL = 0;
				GCC_PREPROCESSOR_DEFINITIONS = (
					"DEBUG=1",
					"$(inherited)",
				);
				GCC_WARN_64_TO_32_BIT_CONVERSION = YES;
				GCC_WARN_ABOUT_RETURN_TYPE = YES_ERROR;
				GCC_WARN_UNDECLARED_SELECTOR = YES;
				GCC_WARN_UNINITIALIZED_AUTOS = YES_AGGRESSIVE;
				GCC_WARN_UNUSED_FUNCTION = YES;
				GCC_WARN_UNUSED_VARIABLE = YES;
				IPHONEOS_DEPLOYMENT_TARGET = 10.2;
				MTL_ENABLE_DEBUG_INFO = YES;
				ONLY_ACTIVE_ARCH = YES;
				SDKROOT = iphoneos;
			};
			name = Debug;
		};
		82D3E92A1EDD9349008BA5A6 /* Release */ = {
			isa = XCBuildConfiguration;
			buildSettings = {
				ALWAYS_SEARCH_USER_PATHS = NO;
				CLANG_ANALYZER_NONNULL = YES;
				CLANG_CXX_LANGUAGE_STANDARD = "gnu++0x";
				CLANG_CXX_LIBRARY = "libc++";
				CLANG_ENABLE_MODULES = YES;
				CLANG_ENABLE_OBJC_ARC = YES;
				CLANG_WARN_BOOL_CONVERSION = YES;
				CLANG_WARN_CONSTANT_CONVERSION = YES;
				CLANG_WARN_DIRECT_OBJC_ISA_USAGE = YES_ERROR;
				CLANG_WARN_DOCUMENTATION_COMMENTS = YES;
				CLANG_WARN_EMPTY_BODY = YES;
				CLANG_WARN_ENUM_CONVERSION = YES;
				CLANG_WARN_INFINITE_RECURSION = YES;
				CLANG_WARN_INT_CONVERSION = YES;
				CLANG_WARN_OBJC_ROOT_CLASS = YES_ERROR;
				CLANG_WARN_SUSPICIOUS_MOVE = YES;
				CLANG_WARN_UNREACHABLE_CODE = YES;
				CLANG_WARN__DUPLICATE_METHOD_MATCH = YES;
				"CODE_SIGN_IDENTITY[sdk=iphoneos*]" = "iPhone Developer";
				COPY_PHASE_STRIP = NO;
				DEBUG_INFORMATION_FORMAT = "dwarf-with-dsym";
				ENABLE_NS_ASSERTIONS = NO;
				ENABLE_STRICT_OBJC_MSGSEND = YES;
				GCC_C_LANGUAGE_STANDARD = gnu99;
				GCC_NO_COMMON_BLOCKS = YES;
				GCC_WARN_64_TO_32_BIT_CONVERSION = YES;
				GCC_WARN_ABOUT_RETURN_TYPE = YES_ERROR;
				GCC_WARN_UNDECLARED_SELECTOR = YES;
				GCC_WARN_UNINITIALIZED_AUTOS = YES_AGGRESSIVE;
				GCC_WARN_UNUSED_FUNCTION = YES;
				GCC_WARN_UNUSED_VARIABLE = YES;
				IPHONEOS_DEPLOYMENT_TARGET = 10.2;
				MTL_ENABLE_DEBUG_INFO = NO;
				SDKROOT = iphoneos;
				VALIDATE_PRODUCT = YES;
			};
			name = Release;
		};
		82D3E92C1EDD9349008BA5A6 /* Debug */ = {
			isa = XCBuildConfiguration;
			buildSettings = {
				ASSETCATALOG_COMPILER_APPICON_NAME = AppIcon;
				DEVELOPMENT_TEAM = USZ9R7RQAA;
				INFOPLIST_FILE = CoverFlow/Info.plist;
				IPHONEOS_DEPLOYMENT_TARGET = 8.0;
				LD_RUNPATH_SEARCH_PATHS = "$(inherited) @executable_path/Frameworks";
				PRODUCT_BUNDLE_IDENTIFIER = MingleChang.CoverFlow;
				PRODUCT_NAME = "$(TARGET_NAME)";
			};
			name = Debug;
		};
		82D3E92D1EDD9349008BA5A6 /* Release */ = {
			isa = XCBuildConfiguration;
			buildSettings = {
				ASSETCATALOG_COMPILER_APPICON_NAME = AppIcon;
				DEVELOPMENT_TEAM = USZ9R7RQAA;
				INFOPLIST_FILE = CoverFlow/Info.plist;
				IPHONEOS_DEPLOYMENT_TARGET = 8.0;
				LD_RUNPATH_SEARCH_PATHS = "$(inherited) @executable_path/Frameworks";
				PRODUCT_BUNDLE_IDENTIFIER = MingleChang.CoverFlow;
				PRODUCT_NAME = "$(TARGET_NAME)";
			};
			name = Release;
		};
/* End XCBuildConfiguration section */

/* Begin XCConfigurationList section */
		82D3E90F1EDD9347008BA5A6 /* Build configuration list for PBXProject "CoverFlow" */ = {
			isa = XCConfigurationList;
			buildConfigurations = (
				82D3E9291EDD9349008BA5A6 /* Debug */,
				82D3E92A1EDD9349008BA5A6 /* Release */,
			);
			defaultConfigurationIsVisible = 0;
			defaultConfigurationName = Release;
		};
		82D3E92B1EDD9349008BA5A6 /* Build configuration list for PBXNativeTarget "CoverFlow" */ = {
			isa = XCConfigurationList;
			buildConfigurations = (
				82D3E92C1EDD9349008BA5A6 /* Debug */,
				82D3E92D1EDD9349008BA5A6 /* Release */,
			);
			defaultConfigurationIsVisible = 0;
			defaultConfigurationName = Release;
		};
/* End XCConfigurationList section */
	};
	rootObject = 82D3E90C1EDD9347008BA5A6 /* Project object */;
}
